
Microsoft Visual Studio Solution File, Format Version 12.00
# Visual Studio 14
VisualStudioVersion = 14.0.25123.0
MinimumVisualStudioVersion = 10.0.40219.1
Project("{E24C65DC-7377-472B-9ABA-BC803B73C61A}") = "64Player", ".", "{C04A1E20-F282-4A14-B87B-A0CEDDA3B857}"
	ProjectSection(WebsiteProperties) = preProject
		TargetFrameworkMoniker = ".NETFramework,Version%3Dv4.5"
		Debug.AspNetCompiler.VirtualPath = "/localhost_63192"
		Debug.AspNetCompiler.PhysicalPath = "..\64Player\"
		Debug.AspNetCompiler.TargetPath = "PrecompiledWeb\localhost_63192\"
		Debug.AspNetCompiler.Updateable = "true"
		Debug.AspNetCompiler.ForceOverwrite = "true"
		Debug.AspNetCompiler.FixedNames = "false"
		Debug.AspNetCompiler.Debug = "True"
		Release.AspNetCompiler.VirtualPath = "/localhost_63192"
		Release.AspNetCompiler.PhysicalPath = "..\64Player\"
		Release.AspNetCompiler.TargetPath = "PrecompiledWeb\localhost_63192\"
		Release.AspNetCompiler.Updateable = "true"
		Release.AspNetCompiler.ForceOverwrite = "true"
		Release.AspNetCompiler.FixedNames = "false"
		Release.AspNetCompiler.Debug = "False"
		VWDPort = "63192"
		SlnRelativePath = "..\64Player\"
	EndProjectSection
EndProject
Global
	GlobalSection(SolutionConfigurationPlatforms) = preSolution
		Debug|Any CPU = Debug|Any CPU
	EndGlobalSection
	GlobalSection(ProjectConfigurationPlatforms) = postSolution
		{C04A1E20-F282-4A14-B87B-A0CEDDA3B857}.Debug|Any CPU.ActiveCfg = Debug|Any CPU
		{C04A1E20-F282-4A14-B87B-A0CEDDA3B857}.Debug|Any CPU.Build.0 = Debug|Any CPU
	EndGlobalSection
	GlobalSection(SolutionProperties) = preSolution
		HideSolutionNode = FALSE
	EndGlobalSection
EndGlobal
